// !$*UTF8*$!
{
	archiveVersion = 1;
	classes = {
	};
	objectVersion = 46;
	objects = {

/* Begin PBXBuildFile section */
		0D6DD4D21DB6CDF400C20AAA /* AppDelegate.swift in Sources */ = {isa = PBXBuildFile; fileRef = 0D6DD4D11DB6CDF400C20AAA /* AppDelegate.swift */; };
		0D6DD4D41DB6CDF400C20AAA /* ViewController.swift in Sources */ = {isa = PBXBuildFile; fileRef = 0D6DD4D31DB6CDF400C20AAA /* ViewController.swift */; };
		0D6DD4D71DB6CDF400C20AAA /* Main.storyboard in Resources */ = {isa = PBXBuildFile; fileRef = 0D6DD4D51DB6CDF400C20AAA /* Main.storyboard */; };
		0D6DD4D91DB6CDF400C20AAA /* Assets.xcassets in Resources */ = {isa = PBXBuildFile; fileRef = 0D6DD4D81DB6CDF400C20AAA /* Assets.xcassets */; };
		0D6DD4DC1DB6CDF400C20AAA /* LaunchScreen.storyboard in Resources */ = {isa = PBXBuildFile; fileRef = 0D6DD4DA1DB6CDF400C20AAA /* LaunchScreen.storyboard */; };
		0D6DD4E71DB6CDF400C20AAA /* sulamericaparadisoTests.swift in Sources */ = {isa = PBXBuildFile; fileRef = 0D6DD4E61DB6CDF400C20AAA /* sulamericaparadisoTests.swift */; };
		0D6DD4F21DB6CDF400C20AAA /* sulamericaparadisoUITests.swift in Sources */ = {isa = PBXBuildFile; fileRef = 0D6DD4F11DB6CDF400C20AAA /* sulamericaparadisoUITests.swift */; };
/* End PBXBuildFile section */

/* Begin PBXContainerItemProxy section */
		0D6DD4E31DB6CDF400C20AAA /* PBXContainerItemProxy */ = {
			isa = PBXContainerItemProxy;
			containerPortal = 0D6DD4C61DB6CDF300C20AAA /* Project object */;
			proxyType = 1;
			remoteGlobalIDString = 0D6DD4CD1DB6CDF400C20AAA;
			remoteInfo = sulamericaparadiso;
		};
		0D6DD4EE1DB6CDF400C20AAA /* PBXContainerItemProxy */ = {
			isa = PBXContainerItemProxy;
			containerPortal = 0D6DD4C61DB6CDF300C20AAA /* Project object */;
			proxyType = 1;
			remoteGlobalIDString = 0D6DD4CD1DB6CDF400C20AAA;
			remoteInfo = sulamericaparadiso;
		};
/* End PBXContainerItemProxy section */

/* Begin PBXFileReference section */
		0D6DD4CE1DB6CDF400C20AAA /* sulamericaparadiso.app */ = {isa = PBXFileReference; explicitFileType = wrapper.application; includeInIndex = 0; path = sulamericaparadiso.app; sourceTree = BUILT_PRODUCTS_DIR; };
		0D6DD4D11DB6CDF400C20AAA /* AppDelegate.swift */ = {isa = PBXFileReference; lastKnownFileType = sourcecode.swift; path = AppDelegate.swift; sourceTree = "<group>"; };
		0D6DD4D31DB6CDF400C20AAA /* ViewController.swift */ = {isa = PBXFileReference; lastKnownFileType = sourcecode.swift; path = ViewController.swift; sourceTree = "<group>"; };
		0D6DD4D61DB6CDF400C20AAA /* Base */ = {isa = PBXFileReference; lastKnownFileType = file.storyboard; name = Base; path = Base.lproj/Main.storyboard; sourceTree = "<group>"; };
		0D6DD4D81DB6CDF400C20AAA /* Assets.xcassets */ = {isa = PBXFileReference; lastKnownFileType = folder.assetcatalog; path = Assets.xcassets; sourceTree = "<group>"; };
		0D6DD4DB1DB6CDF400C20AAA /* Base */ = {isa = PBXFileReference; lastKnownFileType = file.storyboard; name = Base; path = Base.lproj/LaunchScreen.storyboard; sourceTree = "<group>"; };
		0D6DD4DD1DB6CDF400C20AAA /* Info.plist */ = {isa = PBXFileReference; lastKnownFileType = text.plist.xml; path = Info.plist; sourceTree = "<group>"; };
		0D6DD4E21DB6CDF400C20AAA /* sulamericaparadisoTests.xctest */ = {isa = PBXFileReference; explicitFileType = wrapper.cfbundle; includeInIndex = 0; path = sulamericaparadisoTests.xctest; sourceTree = BUILT_PRODUCTS_DIR; };
		0D6DD4E61DB6CDF400C20AAA /* sulamericaparadisoTests.swift */ = {isa = PBXFileReference; lastKnownFileType = sourcecode.swift; path = sulamericaparadisoTests.swift; sourceTree = "<group>"; };
		0D6DD4E81DB6CDF400C20AAA /* Info.plist */ = {isa = PBXFileReference; lastKnownFileType = text.plist.xml; path = Info.plist; sourceTree = "<group>"; };
		0D6DD4ED1DB6CDF400C20AAA /* sulamericaparadisoUITests.xctest */ = {isa = PBXFileReference; explicitFileType = wrapper.cfbundle; includeInIndex = 0; path = sulamericaparadisoUITests.xctest; sourceTree = BUILT_PRODUCTS_DIR; };
		0D6DD4F11DB6CDF400C20AAA /* sulamericaparadisoUITests.swift */ = {isa = PBXFileReference; lastKnownFileType = sourcecode.swift; path = sulamericaparadisoUITests.swift; sourceTree = "<group>"; };
		0D6DD4F31DB6CDF400C20AAA /* Info.plist */ = {isa = PBXFileReference; lastKnownFileType = text.plist.xml; path = Info.plist; sourceTree = "<group>"; };
/* End PBXFileReference section */

/* Begin PBXFrameworksBuildPhase section */
		0D6DD4CB1DB6CDF400C20AAA /* Frameworks */ = {
			isa = PBXFrameworksBuildPhase;
			buildActionMask = 2147483647;
			files = (
			);
			runOnlyForDeploymentPostprocessing = 0;
		};
		0D6DD4DF1DB6CDF400C20AAA /* Frameworks */ = {
			isa = PBXFrameworksBuildPhase;
			buildActionMask = 2147483647;
			files = (
			);
			runOnlyForDeploymentPostprocessing = 0;
		};
		0D6DD4EA1DB6CDF400C20AAA /* Frameworks */ = {
			isa = PBXFrameworksBuildPhase;
			buildActionMask = 2147483647;
			files = (
			);
			runOnlyForDeploymentPostprocessing = 0;
		};
/* End PBXFrameworksBuildPhase section */

/* Begin PBXGroup section */
		0D6DD4C51DB6CDF300C20AAA = {
			isa = PBXGroup;
			children = (
				0D6DD4D01DB6CDF400C20AAA /* sulamericaparadiso */,
				0D6DD4E51DB6CDF400C20AAA /* sulamericaparadisoTests */,
				0D6DD4F01DB6CDF400C20AAA /* sulamericaparadisoUITests */,
				0D6DD4CF1DB6CDF400C20AAA /* Products */,
			);
			sourceTree = "<group>";
		};
		0D6DD4CF1DB6CDF400C20AAA /* Products */ = {
			isa = PBXGroup;
			children = (
				0D6DD4CE1DB6CDF400C20AAA /* sulamericaparadiso.app */,
				0D6DD4E21DB6CDF400C20AAA /* sulamericaparadisoTests.xctest */,
				0D6DD4ED1DB6CDF400C20AAA /* sulamericaparadisoUITests.xctest */,
			);
			name = Products;
			sourceTree = "<group>";
		};
		0D6DD4D01DB6CDF400C20AAA /* sulamericaparadiso */ = {
			isa = PBXGroup;
			children = (
				0D6DD4D11DB6CDF400C20AAA /* AppDelegate.swift */,
				0D6DD4D31DB6CDF400C20AAA /* ViewController.swift */,
				0D6DD4D51DB6CDF400C20AAA /* Main.storyboard */,
				0D6DD4D81DB6CDF400C20AAA /* Assets.xcassets */,
				0D6DD4DA1DB6CDF400C20AAA /* LaunchScreen.storyboard */,
				0D6DD4DD1DB6CDF400C20AAA /* Info.plist */,
			);
			path = sulamericaparadiso;
			sourceTree = "<group>";
		};
		0D6DD4E51DB6CDF400C20AAA /* sulamericaparadisoTests */ = {
			isa = PBXGroup;
			children = (
				0D6DD4E61DB6CDF400C20AAA /* sulamericaparadisoTests.swift */,
				0D6DD4E81DB6CDF400C20AAA /* Info.plist */,
			);
			path = sulamericaparadisoTests;
			sourceTree = "<group>";
		};
		0D6DD4F01DB6CDF400C20AAA /* sulamericaparadisoUITests */ = {
			isa = PBXGroup;
			children = (
				0D6DD4F11DB6CDF400C20AAA /* sulamericaparadisoUITests.swift */,
				0D6DD4F31DB6CDF400C20AAA /* Info.plist */,
			);
			path = sulamericaparadisoUITests;
			sourceTree = "<group>";
		};
/* End PBXGroup section */

/* Begin PBXNativeTarget section */
		0D6DD4CD1DB6CDF400C20AAA /* sulamericaparadiso */ = {
			isa = PBXNativeTarget;
			buildConfigurationList = 0D6DD4F61DB6CDF400C20AAA /* Build configuration list for PBXNativeTarget "sulamericaparadiso" */;
			buildPhases = (
				0D6DD4CA1DB6CDF400C20AAA /* Sources */,
				0D6DD4CB1DB6CDF400C20AAA /* Frameworks */,
				0D6DD4CC1DB6CDF400C20AAA /* Resources */,
			);
			buildRules = (
			);
			dependencies = (
			);
			name = sulamericaparadiso;
			productName = sulamericaparadiso;
			productReference = 0D6DD4CE1DB6CDF400C20AAA /* sulamericaparadiso.app */;
			productType = "com.apple.product-type.application";
		};
		0D6DD4E11DB6CDF400C20AAA /* sulamericaparadisoTests */ = {
			isa = PBXNativeTarget;
			buildConfigurationList = 0D6DD4F91DB6CDF400C20AAA /* Build configuration list for PBXNativeTarget "sulamericaparadisoTests" */;
			buildPhases = (
				0D6DD4DE1DB6CDF400C20AAA /* Sources */,
				0D6DD4DF1DB6CDF400C20AAA /* Frameworks */,
				0D6DD4E01DB6CDF400C20AAA /* Resources */,
			);
			buildRules = (
			);
			dependencies = (
				0D6DD4E41DB6CDF400C20AAA /* PBXTargetDependency */,
			);
			name = sulamericaparadisoTests;
			productName = sulamericaparadisoTests;
			productReference = 0D6DD4E21DB6CDF400C20AAA /* sulamericaparadisoTests.xctest */;
			productType = "com.apple.product-type.bundle.unit-test";
		};
		0D6DD4EC1DB6CDF400C20AAA /* sulamericaparadisoUITests */ = {
			isa = PBXNativeTarget;
			buildConfigurationList = 0D6DD4FC1DB6CDF400C20AAA /* Build configuration list for PBXNativeTarget "sulamericaparadisoUITests" */;
			buildPhases = (
				0D6DD4E91DB6CDF400C20AAA /* Sources */,
				0D6DD4EA1DB6CDF400C20AAA /* Frameworks */,
				0D6DD4EB1DB6CDF400C20AAA /* Resources */,
			);
			buildRules = (
			);
			dependencies = (
				0D6DD4EF1DB6CDF400C20AAA /* PBXTargetDependency */,
			);
			name = sulamericaparadisoUITests;
			productName = sulamericaparadisoUITests;
			productReference = 0D6DD4ED1DB6CDF400C20AAA /* sulamericaparadisoUITests.xctest */;
			productType = "com.apple.product-type.bundle.ui-testing";
		};
/* End PBXNativeTarget section */

/* Begin PBXProject section */
		0D6DD4C61DB6CDF300C20AAA /* Project object */ = {
			isa = PBXProject;
			attributes = {
				LastSwiftUpdateCheck = 0800;
				LastUpgradeCheck = 0800;
				ORGANIZATIONNAME = "Juan Beleño Díaz";
				TargetAttributes = {
					0D6DD4CD1DB6CDF400C20AAA = {
						CreatedOnToolsVersion = 8.0;
						ProvisioningStyle = Automatic;
					};
					0D6DD4E11DB6CDF400C20AAA = {
						CreatedOnToolsVersion = 8.0;
						ProvisioningStyle = Automatic;
						TestTargetID = 0D6DD4CD1DB6CDF400C20AAA;
					};
					0D6DD4EC1DB6CDF400C20AAA = {
						CreatedOnToolsVersion = 8.0;
						ProvisioningStyle = Automatic;
						TestTargetID = 0D6DD4CD1DB6CDF400C20AAA;
					};
				};
			};
			buildConfigurationList = 0D6DD4C91DB6CDF300C20AAA /* Build configuration list for PBXProject "sulamericaparadiso" */;
			compatibilityVersion = "Xcode 3.2";
			developmentRegion = English;
			hasScannedForEncodings = 0;
			knownRegions = (
				en,
				Base,
			);
			mainGroup = 0D6DD4C51DB6CDF300C20AAA;
			productRefGroup = 0D6DD4CF1DB6CDF400C20AAA /* Products */;
			projectDirPath = "";
			projectRoot = "";
			targets = (
				0D6DD4CD1DB6CDF400C20AAA /* sulamericaparadiso */,
				0D6DD4E11DB6CDF400C20AAA /* sulamericaparadisoTests */,
				0D6DD4EC1DB6CDF400C20AAA /* sulamericaparadisoUITests */,
			);
		};
/* End PBXProject section */

/* Begin PBXResourcesBuildPhase section */
		0D6DD4CC1DB6CDF400C20AAA /* Resources */ = {
			isa = PBXResourcesBuildPhase;
			buildActionMask = 2147483647;
			files = (
				0D6DD4DC1DB6CDF400C20AAA /* LaunchScreen.storyboard in Resources */,
				0D6DD4D91DB6CDF400C20AAA /* Assets.xcassets in Resources */,
				0D6DD4D71DB6CDF400C20AAA /* Main.storyboard in Resources */,
			);
			runOnlyForDeploymentPostprocessing = 0;
		};
		0D6DD4E01DB6CDF400C20AAA /* Resources */ = {
			isa = PBXResourcesBuildPhase;
			buildActionMask = 2147483647;
			files = (
			);
			runOnlyForDeploymentPostprocessing = 0;
		};
		0D6DD4EB1DB6CDF400C20AAA /* Resources */ = {
			isa = PBXResourcesBuildPhase;
			buildActionMask = 2147483647;
			files = (
			);
			runOnlyForDeploymentPostprocessing = 0;
		};
/* End PBXResourcesBuildPhase section */

/* Begin PBXSourcesBuildPhase section */
		0D6DD4CA1DB6CDF400C20AAA /* Sources */ = {
			isa = PBXSourcesBuildPhase;
			buildActionMask = 2147483647;
			files = (
				0D6DD4D41DB6CDF400C20AAA /* ViewController.swift in Sources */,
				0D6DD4D21DB6CDF400C20AAA /* AppDelegate.swift in Sources */,
			);
			runOnlyForDeploymentPostprocessing = 0;
		};
		0D6DD4DE1DB6CDF400C20AAA /* Sources */ = {
			isa = PBXSourcesBuildPhase;
			buildActionMask = 2147483647;
			files = (
				0D6DD4E71DB6CDF400C20AAA /* sulamericaparadisoTests.swift in Sources */,
			);
			runOnlyForDeploymentPostprocessing = 0;
		};
		0D6DD4E91DB6CDF400C20AAA /* Sources */ = {
			isa = PBXSourcesBuildPhase;
			buildActionMask = 2147483647;
			files = (
				0D6DD4F21DB6CDF400C20AAA /* sulamericaparadisoUITests.swift in Sources */,
			);
			runOnlyForDeploymentPostprocessing = 0;
		};
/* End PBXSourcesBuildPhase section */

/* Begin PBXTargetDependency section */
		0D6DD4E41DB6CDF400C20AAA /* PBXTargetDependency */ = {
			isa = PBXTargetDependency;
			target = 0D6DD4CD1DB6CDF400C20AAA /* sulamericaparadiso */;
			targetProxy = 0D6DD4E31DB6CDF400C20AAA /* PBXContainerItemProxy */;
		};
		0D6DD4EF1DB6CDF400C20AAA /* PBXTargetDependency */ = {
			isa = PBXTargetDependency;
			target = 0D6DD4CD1DB6CDF400C20AAA /* sulamericaparadiso */;
			targetProxy = 0D6DD4EE1DB6CDF400C20AAA /* PBXContainerItemProxy */;
		};
/* End PBXTargetDependency section */

/* Begin PBXVariantGroup section */
		0D6DD4D51DB6CDF400C20AAA /* Main.storyboard */ = {
			isa = PBXVariantGroup;
			children = (
				0D6DD4D61DB6CDF400C20AAA /* Base */,
			);
			name = Main.storyboard;
			sourceTree = "<group>";
		};
		0D6DD4DA1DB6CDF400C20AAA /* LaunchScreen.storyboard */ = {
			isa = PBXVariantGroup;
			children = (
				0D6DD4DB1DB6CDF400C20AAA /* Base */,
			);
			name = LaunchScreen.storyboard;
			sourceTree = "<group>";
		};
/* End PBXVariantGroup section */

/* Begin XCBuildConfiguration section */
		0D6DD4F41DB6CDF400C20AAA /* Debug */ = {
			isa = XCBuildConfiguration;
			buildSettings = {
				ALWAYS_SEARCH_USER_PATHS = NO;
				CLANG_ANALYZER_NONNULL = YES;
				CLANG_CXX_LANGUAGE_STANDARD = "gnu++0x";
				CLANG_CXX_LIBRARY = "libc++";
				CLANG_ENABLE_MODULES = YES;
				CLANG_ENABLE_OBJC_ARC = YES;
				CLANG_WARN_BOOL_CONVERSION = YES;
				CLANG_WARN_CONSTANT_CONVERSION = YES;
				CLANG_WARN_DIRECT_OBJC_ISA_USAGE = YES_ERROR;
				CLANG_WARN_DOCUMENTATION_COMMENTS = YES;
				CLANG_WARN_EMPTY_BODY = YES;
				CLANG_WARN_ENUM_CONVERSION = YES;
				CLANG_WARN_INFINITE_RECURSION = YES;
				CLANG_WARN_INT_CONVERSION = YES;
				CLANG_WARN_OBJC_ROOT_CLASS = YES_ERROR;
				CLANG_WARN_SUSPICIOUS_MOVES = YES;
				CLANG_WARN_UNREACHABLE_CODE = YES;
				CLANG_WARN__DUPLICATE_METHOD_MATCH = YES;
				"CODE_SIGN_IDENTITY[sdk=iphoneos*]" = "iPhone Developer";
				COPY_PHASE_STRIP = NO;
				DEBUG_INFORMATION_FORMAT = dwarf;
				ENABLE_STRICT_OBJC_MSGSEND = YES;
				ENABLE_TESTABILITY = YES;
				GCC_C_LANGUAGE_STANDARD = gnu99;
				GCC_DYNAMIC_NO_PIC = NO;
				GCC_NO_COMMON_BLOCKS = YES;
				GCC_OPTIMIZATION_LEVEL = 0;
				GCC_PREPROCESSOR_DEFINITIONS = (
					"DEBUG=1",
					"$(inherited)",
				);
				GCC_WARN_64_TO_32_BIT_CONVERSION = YES;
				GCC_WARN_ABOUT_RETURN_TYPE = YES_ERROR;
				GCC_WARN_UNDECLARED_SELECTOR = YES;
				GCC_WARN_UNINITIALIZED_AUTOS = YES_AGGRESSIVE;
				GCC_WARN_UNUSED_FUNCTION = YES;
				GCC_WARN_UNUSED_VARIABLE = YES;
				IPHONEOS_DEPLOYMENT_TARGET = 10.0;
				MTL_ENABLE_DEBUG_INFO = YES;
				ONLY_ACTIVE_ARCH = YES;
				SDKROOT = iphoneos;
				SWIFT_ACTIVE_COMPILATION_CONDITIONS = DEBUG;
				SWIFT_OPTIMIZATION_LEVEL = "-Onone";
			};
			name = Debug;
		};
		0D6DD4F51DB6CDF400C20AAA /* Release */ = {
			isa = XCBuildConfiguration;
			buildSettings = {
				ALWAYS_SEARCH_USER_PATHS = NO;
				CLANG_ANALYZER_NONNULL = YES;
				CLANG_CXX_LANGUAGE_STANDARD = "gnu++0x";
				CLANG_CXX_LIBRARY = "libc++";
				CLANG_ENABLE_MODULES = YES;
				CLANG_ENABLE_OBJC_ARC = YES;
				CLANG_WARN_BOOL_CONVERSION = YES;
				CLANG_WARN_CONSTANT_CONVERSION = YES;
				CLANG_WARN_DIRECT_OBJC_ISA_USAGE = YES_ERROR;
				CLANG_WARN_DOCUMENTATION_COMMENTS = YES;
				CLANG_WARN_EMPTY_BODY = YES;
				CLANG_WARN_ENUM_CONVERSION = YES;
				CLANG_WARN_INFINITE_RECURSION = YES;
				CLANG_WARN_INT_CONVERSION = YES;
				CLANG_WARN_OBJC_ROOT_CLASS = YES_ERROR;
				CLANG_WARN_SUSPICIOUS_MOVES = YES;
				CLANG_WARN_UNREACHABLE_CODE = YES;
				CLANG_WARN__DUPLICATE_METHOD_MATCH = YES;
				"CODE_SIGN_IDENTITY[sdk=iphoneos*]" = "iPhone Developer";
				COPY_PHASE_STRIP = NO;
				DEBUG_INFORMATION_FORMAT = "dwarf-with-dsym";
				ENABLE_NS_ASSERTIONS = NO;
				ENABLE_STRICT_OBJC_MSGSEND = YES;
				GCC_C_LANGUAGE_STANDARD = gnu99;
				GCC_NO_COMMON_BLOCKS = YES;
				GCC_WARN_64_TO_32_BIT_CONVERSION = YES;
				GCC_WARN_ABOUT_RETURN_TYPE = YES_ERROR;
				GCC_WARN_UNDECLARED_SELECTOR = YES;
				GCC_WARN_UNINITIALIZED_AUTOS = YES_AGGRESSIVE;
				GCC_WARN_UNUSED_FUNCTION = YES;
				GCC_WARN_UNUSED_VARIABLE = YES;
				IPHONEOS_DEPLOYMENT_TARGET = 10.0;
				MTL_ENABLE_DEBUG_INFO = NO;
				SDKROOT = iphoneos;
				SWIFT_OPTIMIZATION_LEVEL = "-Owholemodule";
				VALIDATE_PRODUCT = YES;
			};
			name = Release;
		};
		0D6DD4F71DB6CDF400C20AAA /* Debug */ = {
			isa = XCBuildConfiguration;
			buildSettings = {
				ASSETCATALOG_COMPILER_APPICON_NAME = AppIcon;
				INFOPLIST_FILE = sulamericaparadiso/Info.plist;
				IPHONEOS_DEPLOYMENT_TARGET = 8.0;
				LD_RUNPATH_SEARCH_PATHS = "$(inherited) @executable_path/Frameworks";
				PRODUCT_BUNDLE_IDENTIFIER = com.jbeleno.sulamericaparadiso;
				PRODUCT_NAME = "$(TARGET_NAME)";
				SWIFT_VERSION = 3.0;
			};
			name = Debug;
		};
		0D6DD4F81DB6CDF400C20AAA /* Release */ = {
			isa = XCBuildConfiguration;
			buildSettings = {
				ASSETCATALOG_COMPILER_APPICON_NAME = AppIcon;
				INFOPLIST_FILE = sulamericaparadiso/Info.plist;
				IPHONEOS_DEPLOYMENT_TARGET = 8.0;
				LD_RUNPATH_SEARCH_PATHS = "$(inherited) @executable_path/Frameworks";
				PRODUCT_BUNDLE_IDENTIFIER = com.jbeleno.sulamericaparadiso;
				PRODUCT_NAME = "$(TARGET_NAME)";
				SWIFT_VERSION = 3.0;
			};
			name = Release;
		};
		0D6DD4FA1DB6CDF400C20AAA /* Debug */ = {
			isa = XCBuildConfiguration;
			buildSettings = {
				ALWAYS_EMBED_SWIFT_STANDARD_LIBRARIES = YES;
				BUNDLE_LOADER = "$(TEST_HOST)";
				INFOPLIST_FILE = sulamericaparadisoTests/Info.plist;
				LD_RUNPATH_SEARCH_PATHS = "$(inherited) @executable_path/Frameworks @loader_path/Frameworks";
				PRODUCT_BUNDLE_IDENTIFIER = com.jbeleno.sulamericaparadisoTests;
				PRODUCT_NAME = "$(TARGET_NAME)";
				SWIFT_VERSION = 3.0;
				TEST_HOST = "$(BUILT_PRODUCTS_DIR)/sulamericaparadiso.app/sulamericaparadiso";
			};
			name = Debug;
		};
		0D6DD4FB1DB6CDF400C20AAA /* Release */ = {
			isa = XCBuildConfiguration;
			buildSettings = {
				ALWAYS_EMBED_SWIFT_STANDARD_LIBRARIES = YES;
				BUNDLE_LOADER = "$(TEST_HOST)";
				INFOPLIST_FILE = sulamericaparadisoTests/Info.plist;
				LD_RUNPATH_SEARCH_PATHS = "$(inherited) @executable_path/Frameworks @loader_path/Frameworks";
				PRODUCT_BUNDLE_IDENTIFIER = com.jbeleno.sulamericaparadisoTests;
				PRODUCT_NAME = "$(TARGET_NAME)";
				SWIFT_VERSION = 3.0;
				TEST_HOST = "$(BUILT_PRODUCTS_DIR)/sulamericaparadiso.app/sulamericaparadiso";
			};
			name = Release;
		};
		0D6DD4FD1DB6CDF400C20AAA /* Debug */ = {
			isa = XCBuildConfiguration;
			buildSettings = {
				ALWAYS_EMBED_SWIFT_STANDARD_LIBRARIES = YES;
				INFOPLIST_FILE = sulamericaparadisoUITests/Info.plist;
				LD_RUNPATH_SEARCH_PATHS = "$(inherited) @executable_path/Frameworks @loader_path/Frameworks";
				PRODUCT_BUNDLE_IDENTIFIER = com.jbeleno.sulamericaparadisoUITests;
				PRODUCT_NAME = "$(TARGET_NAME)";
				SWIFT_VERSION = 3.0;
				TEST_TARGET_NAME = sulamericaparadiso;
			};
			name = Debug;
		};
		0D6DD4FE1DB6CDF400C20AAA /* Release */ = {
			isa = XCBuildConfiguration;
			buildSettings = {
				ALWAYS_EMBED_SWIFT_STANDARD_LIBRARIES = YES;
				INFOPLIST_FILE = sulamericaparadisoUITests/Info.plist;
				LD_RUNPATH_SEARCH_PATHS = "$(inherited) @executable_path/Frameworks @loader_path/Frameworks";
				PRODUCT_BUNDLE_IDENTIFIER = com.jbeleno.sulamericaparadisoUITests;
				PRODUCT_NAME = "$(TARGET_NAME)";
				SWIFT_VERSION = 3.0;
				TEST_TARGET_NAME = sulamericaparadiso;
			};
			name = Release;
		};
/* End XCBuildConfiguration section */

/* Begin XCConfigurationList section */
		0D6DD4C91DB6CDF300C20AAA /* Build configuration list for PBXProject "sulamericaparadiso" */ = {
			isa = XCConfigurationList;
			buildConfigurations = (
				0D6DD4F41DB6CDF400C20AAA /* Debug */,
				0D6DD4F51DB6CDF400C20AAA /* Release */,
			);
			defaultConfigurationIsVisible = 0;
			defaultConfigurationName = Release;
		};
		0D6DD4F61DB6CDF400C20AAA /* Build configuration list for PBXNativeTarget "sulamericaparadiso" */ = {
			isa = XCConfigurationList;
			buildConfigurations = (
				0D6DD4F71DB6CDF400C20AAA /* Debug */,
				0D6DD4F81DB6CDF400C20AAA /* Release */,
			);
			defaultConfigurationIsVisible = 0;
		};
		0D6DD4F91DB6CDF400C20AAA /* Build configuration list for PBXNativeTarget "sulamericaparadisoTests" */ = {
			isa = XCConfigurationList;
			buildConfigurations = (
				0D6DD4FA1DB6CDF400C20AAA /* Debug */,
				0D6DD4FB1DB6CDF400C20AAA /* Release */,
			);
			defaultConfigurationIsVisible = 0;
		};
		0D6DD4FC1DB6CDF400C20AAA /* Build configuration list for PBXNativeTarget "sulamericaparadisoUITests" */ = {
			isa = XCConfigurationList;
			buildConfigurations = (
				0D6DD4FD1DB6CDF400C20AAA /* Debug */,
				0D6DD4FE1DB6CDF400C20AAA /* Release */,
			);
			defaultConfigurationIsVisible = 0;
		};
/* End XCConfigurationList section */
	};
	rootObject = 0D6DD4C61DB6CDF300C20AAA /* Project object */;
}
